
Microsoft Visual Studio Solution File, Format Version 12.00
# Visual Studio Version 17
VisualStudioVersion = 17.3.32901.215
MinimumVisualStudioVersion = 10.0.40219.1
Project("{FAE04EC0-301F-11D3-BF4B-00C04F79EFBC}") = "Gojyuon_KeyHook", "Gojyuon_KeyHook\Gojyuon_KeyHook.csproj", "{CE87CFE5-08F6-49CB-AFB7-2FBB754A3B7A}"
EndProject
Project("{2150E333-8FDC-42A3-9474-1A3956D46DE8}") = "ソリューション項目", "ソリューション項目", "{1124FC5E-66AF-4641-90EC-60BE7076F5AB}"
	ProjectSection(SolutionItems) = preProject
		Gojyuon_KeyHook\icon\MyApp1.ico = Gojyuon_KeyHook\icon\MyApp1.ico
		IconDisable.ico = IconDisable.ico
	EndProjectSection
EndProject
Global
	GlobalSection(SolutionConfigurationPlatforms) = preSolution
		Debug|Any CPU = Debug|Any CPU
		Release|Any CPU = Release|Any CPU
	EndGlobalSection
	GlobalSection(ProjectConfigurationPlatforms) = postSolution
		{CE87CFE5-08F6-49CB-AFB7-2FBB754A3B7A}.Debug|Any CPU.ActiveCfg = Release|Any CPU
		{CE87CFE5-08F6-49CB-AFB7-2FBB754A3B7A}.Debug|Any CPU.Build.0 = Release|Any CPU
		{CE87CFE5-08F6-49CB-AFB7-2FBB754A3B7A}.Release|Any CPU.ActiveCfg = Release|Any CPU
		{CE87CFE5-08F6-49CB-AFB7-2FBB754A3B7A}.Release|Any CPU.Build.0 = Release|Any CPU
	EndGlobalSection
	GlobalSection(SolutionProperties) = preSolution
		HideSolutionNode = FALSE
	EndGlobalSection
	GlobalSection(ExtensibilityGlobals) = postSolution
		SolutionGuid = {F0D9A118-F7BF-4E9E-8EED-DF48080FE1D7}
	EndGlobalSection
EndGlobal
